
Microsoft Visual Studio Solution File, Format Version 12.00
# Visual Studio Version 16
VisualStudioVersion = 16.0.29613.14
MinimumVisualStudioVersion = 10.0.40219.1
Project("{FAE04EC0-301F-11D3-BF4B-00C04F79EFBC}") = "BurKlaUP", "BurKlaUP\BurKlaUP.csproj", "{110F685C-1864-4952-BD3E-8C85E2621771}"
EndProject
Global
	GlobalSection(SolutionConfigurationPlatforms) = preSolution
		Debug|Any CPU = Debug|Any CPU
		Release|Any CPU = Release|Any CPU
	EndGlobalSection
	GlobalSection(ProjectConfigurationPlatforms) = postSolution
		{110F685C-1864-4952-BD3E-8C85E2621771}.Debug|Any CPU.ActiveCfg = Debug|Any CPU
		{110F685C-1864-4952-BD3E-8C85E2621771}.Debug|Any CPU.Build.0 = Debug|Any CPU
		{110F685C-1864-4952-BD3E-8C85E2621771}.Release|Any CPU.ActiveCfg = Release|Any CPU
		{110F685C-1864-4952-BD3E-8C85E2621771}.Release|Any CPU.Build.0 = Release|Any CPU
	EndGlobalSection
	GlobalSection(SolutionProperties) = preSolution
		HideSolutionNode = FALSE
	EndGlobalSection
	GlobalSection(ExtensibilityGlobals) = postSolution
		SolutionGuid = {535D8BB6-8479-45F9-8213-DAA15C21A63C}
	EndGlobalSection
EndGlobal
